bitbucket.org/snapmartinc/logger v0.0.0-20190722102907-70e1fed01587 h1:0RQqP5pIMVjUlqo19x2FbUDNx7lj0KIcPlmdDCy12ns=
bitbucket.org/snapmartinc/logger v0.0.0-20190722102907-70e1fed01587/go.mod h1:/aicbRvxbpfMn56tOkqlryHyDG5bsrwv8HHszILQ/xM=
bitbucket.org/snapmartinc/trace v0.0.0-20190925102910-0918afc8a51f h1:IRpHZzHZv8tbM0d4cL8Vhihm0DNMEffnFHMQmGI+wxs=
bitbucket.org/snapmartinc/trace v0.0.0-20190925102910-0918afc8a51f/go.mod h1:5VBPCRkhGhcyf8gz++0RlbWQHkeSD5P4eGyijOe2rgU=
bitbucket.org/snapmartinc/user-service-client v0.0.0-20190916112339-fefd7d2a4d59 h1:O8RHBV1y++QP3t5vMAiXqvowzD1PuRX4ZvrOKSsokQ4=
bitbucket.org/snapmartinc/user-service-client v0.0.0-20190916112339-fefd7d2a4d59/go.mod h1:5yuO8CnOjwxd7E4nPTzKbpW3TuUVhUERoDSavcRQeOk=
github.com/aws/aws-sdk-go v1.21.9 h1:+HXP97l4IbJvccwwNoweEknroEcX8QLwExcnc+Kxobg=
github.com/aws/aws-sdk-go v1.21.9/go.mod h1:KmX6BPdI08NWTb3/sm4ZGu5ShLoqVDhKgpiN924inxo=
github.com/davecgh/go-spew v1.1.0 h1:ZDRjVQ15GmhC3fiQ8ni8+OwkZQO4DARzQgrnXU1Liz8=
github.com/davecgh/go-spew v1.1.0/go.mod h1:J7Y8YcW2NihsgmVo/mv3lAwl/skON4iLHjSsI+c5H38=
github.com/davecgh/go-spew v1.1.1/go.mod h1:J7Y8YcW2NihsgmVo/mv3lAwl/skON4iLHjSsI+c5H38=
github.com/jmespath/go-jmespath v0.0.0-20180206201540-c2b33e8439af h1:pmfjZENx5imkbgOkpRUYLnmbU7UEFbjtDA2hxJ1ichM=
github.com/jmespath/go-jmespath v0.0.0-20180206201540-c2b33e8439af/go.mod h1:Nht3zPeWKUH0NzdCt2Blrr5ys8VGpn0CEB0cQHVjt7k=
github.com/konsorten/go-windows-terminal-sequences v1.0.1/go.mod h1:T0+1ngSBFLxvqU3pZ+m/2kptfBszLMUkC4ZK/EgS/cQ=
github.com/pkg/errors v0.8.1 h1:iURUrRGxPUNPdy5/HRSm+Yj6okJ6UtLINN0Q9M4+h3I=
github.com/pkg/errors v0.8.1/go.mod h1:bwawxfHBFNV+L2hUp1rHADufV3IMtnDRdf1r5NINEl0=
github.com/pmezard/go-difflib v1.0.0 h1:4DBwDE0NGyQoBHbLQYPwSUPoCMWR5BEzIk/f1lZbAQM=
github.com/pmezard/go-difflib v1.0.0/go.mod h1:iKH77koFhYxTK1pcRnkKkqfTogsbg7gZNVY4sRDYZ/4=
github.com/sirupsen/logrus v1.4.2 h1:SPIRibHv4MatM3XXNO2BJeFLZwZ2LvZgfQ5+UNI2im4=
github.com/sirupsen/logrus v1.4.2/go.mod h1:tLMulIdttU9McNUspp0xgXVQah82FyeX6MwdIuYE2rE=
github.com/stretchr/objx v0.1.0/go.mod h1:HFkY916IF+rwdDfMAkV7OtwuqBVzrE8GR6GFx+wExME=
github.com/stretchr/objx v0.1.1/go.mod h1:HFkY916IF+rwdDfMAkV7OtwuqBVzrE8GR6GFx+wExME=
github.com/stretchr/testify v1.2.2/go.mod h1:a8OnRcib4nhh0OaRAV+Yts87kKdq0PP7pXfy6kDkUVs=
github.com/stretchr/testify v1.3.0 h1:TivCn/peBQ7UY8ooIcPgZFpTNSz0Q2U6UrFlUfqbe0Q=
github.com/stretchr/testify v1.3.0/go.mod h1:M5WIy9Dh21IEIfnGCwXGc5bZfKNJtfHm1UVUgZn+9EI=
golang.org/x/crypto v0.0.0-20190308221718-c2843e01d9a2/go.mod h1:djNgcEr1/C05ACkg1iLfiJU5Ep61QUkGW8qpdssI0+w=
golang.org/x/net v0.0.0-20190724013045-ca1201d0de80 h1:Ao/3l156eZf2AW5wK8a7/smtodRU+gha3+BeqJ69lRk=
golang.org/x/net v0.0.0-20190724013045-ca1201d0de80/go.mod h1:z5CRVTTTmAJ677TzLLGU+0bjPO0LkuOLi4/5GtJWs/s=
golang.org/x/sys v0.0.0-20190215142949-d0b11bdaac8a/go.mod h1:STP8DvDyc/dI5b8T5hshtkjS+E42TnysNCUPdjciGhY=
golang.org/x/sys v0.0.0-20190422165155-953cdadca894 h1:Cz4ceDQGXuKRnVBDTS23GTn/pU5OE2C0WrNTOYK1Uuc=
golang.org/x/sys v0.0.0-20190422165155-953cdadca894/go.mod h1:h1NjWce9XRLGQEsW7wpKNCjG9DtNlClVuFLEZdDNbEs=
golang.org/x/text v0.3.0 h1:g61tztE5qeGQ89tm6NTjjM9VPIm088od1l6aSorWRWg=
golang.org/x/text v0.3.0/go.mod h1:NqM8EUOU14njkJ3fqMW+pc6Ldnwhi/IjpwHt7yyuwOQ=
gopkg.in/redis.v5 v5.2.9 h1:MNZYOLPomQzZMfpN3ZtD1uyJ2IDonTTlxYiV/pEApiw=
gopkg.in/redis.v5 v5.2.9/go.mod h1:6gtv0/+A4iM08kdRfocWYB3bLX2tebpNtfKlFT6H4mY=
